
Microsoft Visual Studio Solution File, Format Version 11.00
# Visual Studio 2010
Project("{8BC9CEB8-8B4A-11D0-8D11-00A0C91BC942}") = "ocutest", "ocutest.vcxproj", "{BCA36873-38E6-4554-BC0A-9B46EB29F6AC}"
EndProject
Global
	GlobalSection(SolutionConfigurationPlatforms) = preSolution
		Debug|Win32 = Debug|Win32
		Release|Win32 = Release|Win32
	EndGlobalSection
	GlobalSection(ProjectConfigurationPlatforms) = postSolution
		{BCA36873-38E6-4554-BC0A-9B46EB29F6AC}.Debug|Win32.ActiveCfg = Debug|Win32
		{BCA36873-38E6-4554-BC0A-9B46EB29F6AC}.Debug|Win32.Build.0 = Debug|Win32
		{BCA36873-38E6-4554-BC0A-9B46EB29F6AC}.Release|Win32.ActiveCfg = Release|Win32
		{BCA36873-38E6-4554-BC0A-9B46EB29F6AC}.Release|Win32.Build.0 = Release|Win32
	EndGlobalSection
	GlobalSection(SolutionProperties) = preSolution
		HideSolutionNode = FALSE
	EndGlobalSection
EndGlobal
